
Microsoft Visual Studio Solution File, Format Version 12.00
# Visual Studio Version 16
VisualStudioVersion = 16.0.30011.22
MinimumVisualStudioVersion = 10.0.40219.1
Project("{8BC9CEB8-8B4A-11D0-8D11-00A0C91BC942}") = "mergeSort", "mergeSort.vcxproj", "{82395F9E-1E07-4234-94A9-B735D71E710C}"
EndProject
Project("{8BC9CEB8-8B4A-11D0-8D11-00A0C91BC942}") = "QuickSort", "..\QuickSort\QuickSort.vcxproj", "{19EF7097-3E96-4C96-85DC-02AC5FEBE948}"
EndProject
Project("{8BC9CEB8-8B4A-11D0-8D11-00A0C91BC942}") = "InsertionSort", "..\InsertionSort\InsertionSort.vcxproj", "{C85B1847-21FC-491F-9060-81D51002E47D}"
EndProject
Global
	GlobalSection(SolutionConfigurationPlatforms) = preSolution
		Debug|x64 = Debug|x64
		Debug|x86 = Debug|x86
		Release|x64 = Release|x64
		Release|x86 = Release|x86
	EndGlobalSection
	GlobalSection(ProjectConfigurationPlatforms) = postSolution
		{82395F9E-1E07-4234-94A9-B735D71E710C}.Debug|x64.ActiveCfg = Debug|x64
		{82395F9E-1E07-4234-94A9-B735D71E710C}.Debug|x64.Build.0 = Debug|x64
		{82395F9E-1E07-4234-94A9-B735D71E710C}.Debug|x86.ActiveCfg = Debug|Win32
		{82395F9E-1E07-4234-94A9-B735D71E710C}.Debug|x86.Build.0 = Debug|Win32
		{82395F9E-1E07-4234-94A9-B735D71E710C}.Release|x64.ActiveCfg = Release|x64
		{82395F9E-1E07-4234-94A9-B735D71E710C}.Release|x64.Build.0 = Release|x64
		{82395F9E-1E07-4234-94A9-B735D71E710C}.Release|x86.ActiveCfg = Release|Win32
		{82395F9E-1E07-4234-94A9-B735D71E710C}.Release|x86.Build.0 = Release|Win32
		{19EF7097-3E96-4C96-85DC-02AC5FEBE948}.Debug|x64.ActiveCfg = Debug|x64
		{19EF7097-3E96-4C96-85DC-02AC5FEBE948}.Debug|x64.Build.0 = Debug|x64
		{19EF7097-3E96-4C96-85DC-02AC5FEBE948}.Debug|x86.ActiveCfg = Debug|Win32
		{19EF7097-3E96-4C96-85DC-02AC5FEBE948}.Debug|x86.Build.0 = Debug|Win32
		{19EF7097-3E96-4C96-85DC-02AC5FEBE948}.Release|x64.ActiveCfg = Release|x64
		{19EF7097-3E96-4C96-85DC-02AC5FEBE948}.Release|x64.Build.0 = Release|x64
		{19EF7097-3E96-4C96-85DC-02AC5FEBE948}.Release|x86.ActiveCfg = Release|Win32
		{19EF7097-3E96-4C96-85DC-02AC5FEBE948}.Release|x86.Build.0 = Release|Win32
		{C85B1847-21FC-491F-9060-81D51002E47D}.Debug|x64.ActiveCfg = Debug|x64
		{C85B1847-21FC-491F-9060-81D51002E47D}.Debug|x64.Build.0 = Debug|x64
		{C85B1847-21FC-491F-9060-81D51002E47D}.Debug|x86.ActiveCfg = Debug|Win32
		{C85B1847-21FC-491F-9060-81D51002E47D}.Debug|x86.Build.0 = Debug|Win32
		{C85B1847-21FC-491F-9060-81D51002E47D}.Release|x64.ActiveCfg = Release|x64
		{C85B1847-21FC-491F-9060-81D51002E47D}.Release|x64.Build.0 = Release|x64
		{C85B1847-21FC-491F-9060-81D51002E47D}.Release|x86.ActiveCfg = Release|Win32
		{C85B1847-21FC-491F-9060-81D51002E47D}.Release|x86.Build.0 = Release|Win32
	EndGlobalSection
	GlobalSection(SolutionProperties) = preSolution
		HideSolutionNode = FALSE
	EndGlobalSection
	GlobalSection(ExtensibilityGlobals) = postSolution
		SolutionGuid = {7234952E-7107-4A27-8E64-B9D49AB1D061}
	EndGlobalSection
EndGlobal
